
Microsoft Visual Studio Solution File, Format Version 12.00
# Visual Studio Version 17
VisualStudioVersion = 17.2.32630.192
MinimumVisualStudioVersion = 10.0.40219.1
Project("{9A19103F-16F7-4668-BE54-9A1E7A4F7556}") = "R5T.L0095.Construction", "R5T.L0095.Construction\R5T.L0095.Construction.csproj", "{792D27A0-1BAD-4F43-884E-7B63967BA3D6}"
EndProject
Project("{9A19103F-16F7-4668-BE54-9A1E7A4F7556}") = "R5T.L0095", "R5T.L0095\R5T.L0095.csproj", "{08DBAFB2-C9F6-41E3-8215-7454B9779FAC}"
EndProject
Project("{9A19103F-16F7-4668-BE54-9A1E7A4F7556}") = "R5T.L0095.T000", "R5T.L0095.T000\R5T.L0095.T000.csproj", "{BE323133-A1A9-48FD-996D-C688CD945899}"
EndProject
Project("{2150E333-8FDC-42A3-9474-1A3956D46DE8}") = "_Dependencies", "_Dependencies", "{87E30220-C64B-4A1C-93E6-EAE0BF4BF281}"
EndProject
Project("{9A19103F-16F7-4668-BE54-9A1E7A4F7556}") = "R5T.F0000", "..\..\R5T.F0000\source\R5T.F0000\R5T.F0000.csproj", "{08F36D9F-00EE-405B-8C89-629CD1268CB1}"
EndProject
Project("{9A19103F-16F7-4668-BE54-9A1E7A4F7556}") = "R5T.F0002", "..\..\R5T.F0002\source\R5T.F0002\R5T.F0002.csproj", "{DB55D09A-FD6E-4F00-891A-8DAAC6367B1A}"
EndProject
Project("{9A19103F-16F7-4668-BE54-9A1E7A4F7556}") = "R5T.F0059", "..\..\R5T.F0059\source\R5T.F0059\R5T.F0059.csproj", "{C0D3C52E-46C8-4061-BB8E-B70B37829CFB}"
EndProject
Project("{9A19103F-16F7-4668-BE54-9A1E7A4F7556}") = "R5T.F0120", "..\..\R5T.F0120\source\R5T.F0120\R5T.F0120.csproj", "{D891632D-E788-446A-B7AD-3F923C1C3B05}"
EndProject
Project("{9A19103F-16F7-4668-BE54-9A1E7A4F7556}") = "R5T.F0124", "..\..\R5T.F0124\source\R5T.F0124\R5T.F0124.csproj", "{A8672739-9BB4-415C-BF4D-5FC1AEC4FA75}"
EndProject
Project("{9A19103F-16F7-4668-BE54-9A1E7A4F7556}") = "R5T.F0125", "..\..\R5T.F0125\source\R5T.F0125\R5T.F0125.csproj", "{9B4DA820-2CB3-463F-8038-F46395B06FAB}"
EndProject
Project("{9A19103F-16F7-4668-BE54-9A1E7A4F7556}") = "R5T.L0030.T000", "..\..\R5T.L0030\source\R5T.L0030.T000\R5T.L0030.T000.csproj", "{A4AD97F8-84D5-4F6F-92C6-3518FAC34954}"
EndProject
Project("{9A19103F-16F7-4668-BE54-9A1E7A4F7556}") = "R5T.L0030", "..\..\R5T.L0030\source\R5T.L0030\R5T.L0030.csproj", "{3821899D-1B6D-40D5-BE4D-F6DDE1F4BCEF}"
EndProject
Project("{9A19103F-16F7-4668-BE54-9A1E7A4F7556}") = "R5T.L0034", "..\..\R5T.L0034\source\R5T.L0034\R5T.L0034.csproj", "{DAC87872-8D97-4A17-936D-1B25F13C9BAB}"
EndProject
Project("{9A19103F-16F7-4668-BE54-9A1E7A4F7556}") = "R5T.L0035", "..\..\R5T.L0035\source\R5T.L0035\R5T.L0035.csproj", "{69C3A240-8363-4F47-81D7-283DED4F7CAD}"
EndProject
Project("{9A19103F-16F7-4668-BE54-9A1E7A4F7556}") = "R5T.L0053", "..\..\R5T.L0053\source\R5T.L0053\R5T.L0053.csproj", "{5D29EF0A-141F-4F6D-B87E-065F8C861EBB}"
EndProject
Project("{9A19103F-16F7-4668-BE54-9A1E7A4F7556}") = "R5T.L0056", "..\..\R5T.L0056\source\R5T.L0056\R5T.L0056.csproj", "{811F9E75-F2D5-43D8-BBF9-400297095EE4}"
EndProject
Project("{9A19103F-16F7-4668-BE54-9A1E7A4F7556}") = "R5T.L0066", "..\..\R5T.L0066\source\R5T.L0066\R5T.L0066.csproj", "{904CFE78-489C-4684-BB4C-FB12FE657AF7}"
EndProject
Project("{9A19103F-16F7-4668-BE54-9A1E7A4F7556}") = "R5T.L0071", "..\..\R5T.L0071\source\R5T.L0071\R5T.L0071.csproj", "{B43B120C-A15B-4438-8917-C6E263EA4F30}"
EndProject
Project("{9A19103F-16F7-4668-BE54-9A1E7A4F7556}") = "R5T.L0074", "..\..\R5T.L0074\source\R5T.L0074\R5T.L0074.csproj", "{091581EB-2DA8-4CEC-880D-9BBAD56F5EC8}"
EndProject
Project("{9A19103F-16F7-4668-BE54-9A1E7A4F7556}") = "R5T.L0089.F000", "..\..\R5T.L0089\source\R5T.L0089.F000\R5T.L0089.F000.csproj", "{4C878C70-146F-4706-B0DD-382844EAAADB}"
EndProject
Project("{9A19103F-16F7-4668-BE54-9A1E7A4F7556}") = "R5T.L0089.T000", "..\..\R5T.L0089\source\R5T.L0089.T000\R5T.L0089.T000.csproj", "{CA7E4F6C-B4B5-4E60-B81D-1FFAFC0061CB}"
EndProject
Project("{9A19103F-16F7-4668-BE54-9A1E7A4F7556}") = "R5T.L0089", "..\..\R5T.L0089\source\R5T.L0089\R5T.L0089.csproj", "{72FA54BF-CC52-4708-8A43-B89E8E3E5F27}"
EndProject
Project("{9A19103F-16F7-4668-BE54-9A1E7A4F7556}") = "R5T.NG0006", "..\..\R5T.NG0006\source\R5T.NG0006\R5T.NG0006.csproj", "{20B07786-51C3-4167-B328-424505E87A87}"
EndProject
Project("{9A19103F-16F7-4668-BE54-9A1E7A4F7556}") = "R5T.NG0022", "..\..\R5T.NG0022\source\R5T.NG0022\R5T.NG0022.csproj", "{874E3761-A18B-435E-A5A1-D3FA340AB515}"
EndProject
Project("{9A19103F-16F7-4668-BE54-9A1E7A4F7556}") = "R5T.T0131", "..\..\R5T.T0131\source\R5T.T0131\R5T.T0131.csproj", "{18DB9601-46E1-430F-B751-ECB1FCD3D21A}"
EndProject
Project("{9A19103F-16F7-4668-BE54-9A1E7A4F7556}") = "R5T.T0132", "..\..\R5T.T0132\source\R5T.T0132\R5T.T0132.csproj", "{812FAC29-129F-42E7-B659-A2E36E8A1E07}"
EndProject
Project("{9A19103F-16F7-4668-BE54-9A1E7A4F7556}") = "R5T.T0142", "..\..\R5T.T0142\source\R5T.T0142\R5T.T0142.csproj", "{440403F6-71BF-4FA5-BF9B-FF8E2C472000}"
EndProject
Project("{9A19103F-16F7-4668-BE54-9A1E7A4F7556}") = "R5T.T0143", "..\..\R5T.T0143\source\R5T.T0143\R5T.T0143.csproj", "{271EBD77-4D55-4B18-A35B-EF2ACAF65646}"
EndProject
Project("{9A19103F-16F7-4668-BE54-9A1E7A4F7556}") = "R5T.T0150", "..\..\R5T.T0150\source\R5T.T0150\R5T.T0150.csproj", "{2DBBF161-A8CA-4D3C-B36E-4FC731E7E338}"
EndProject
Project("{9A19103F-16F7-4668-BE54-9A1E7A4F7556}") = "R5T.T0151", "..\..\R5T.T0151\source\R5T.T0151\R5T.T0151.csproj", "{CE8E2284-8B15-42F8-B4AA-61A36229A8A0}"
EndProject
Project("{9A19103F-16F7-4668-BE54-9A1E7A4F7556}") = "R5T.T0156", "..\..\R5T.T0156\source\R5T.T0156\R5T.T0156.csproj", "{1EB9DA17-6316-4039-AF05-03213F8FED35}"
EndProject
Project("{9A19103F-16F7-4668-BE54-9A1E7A4F7556}") = "R5T.T0158", "..\..\R5T.T0158\source\R5T.T0158\R5T.T0158.csproj", "{AA2CF81B-3ED5-420F-8DB1-49E5EEEA79A3}"
EndProject
Project("{9A19103F-16F7-4668-BE54-9A1E7A4F7556}") = "R5T.T0159", "..\..\R5T.T0159\source\R5T.T0159\R5T.T0159.csproj", "{7B203AB3-0E05-45E9-8F40-B47FE212205D}"
EndProject
Project("{9A19103F-16F7-4668-BE54-9A1E7A4F7556}") = "R5T.T0172", "..\..\R5T.T0172\source\R5T.T0172\R5T.T0172.csproj", "{C1EFFEE4-CA0C-48D3-9ED8-6C79465ABC6F}"
EndProject
Project("{9A19103F-16F7-4668-BE54-9A1E7A4F7556}") = "R5T.T0174", "..\..\R5T.T0174\source\R5T.T0174\R5T.T0174.csproj", "{A9C4FA13-4D55-4B35-830F-B41A4E260486}"
EndProject
Project("{9A19103F-16F7-4668-BE54-9A1E7A4F7556}") = "R5T.T0176", "..\..\R5T.T0176\source\R5T.T0176\R5T.T0176.csproj", "{DF23E97D-9A79-482F-BB8D-12A0CB1773D8}"
EndProject
Project("{9A19103F-16F7-4668-BE54-9A1E7A4F7556}") = "R5T.T0177", "..\..\R5T.T0177\source\R5T.T0177\R5T.T0177.csproj", "{7FBF0432-E7AF-4A02-9458-9D4359C7C716}"
EndProject
Project("{9A19103F-16F7-4668-BE54-9A1E7A4F7556}") = "R5T.T0178", "..\..\R5T.T0178\source\R5T.T0178\R5T.T0178.csproj", "{BC93B2D2-5EBD-475B-B993-4999FFD96CA8}"
EndProject
Project("{9A19103F-16F7-4668-BE54-9A1E7A4F7556}") = "R5T.T0179", "..\..\R5T.T0179\source\R5T.T0179\R5T.T0179.csproj", "{F631F8E9-9BFC-4CDC-8F5F-DD134FABA02D}"
EndProject
Project("{9A19103F-16F7-4668-BE54-9A1E7A4F7556}") = "R5T.T0180", "..\..\R5T.T0180\source\R5T.T0180\R5T.T0180.csproj", "{34FAB0ED-E5CD-4779-9FB8-DF1C86BC4AA1}"
EndProject
Project("{9A19103F-16F7-4668-BE54-9A1E7A4F7556}") = "R5T.T0181", "..\..\R5T.T0181\source\R5T.T0181\R5T.T0181.csproj", "{A3768FBE-86AC-4667-8A90-5BECF400A21B}"
EndProject
Project("{9A19103F-16F7-4668-BE54-9A1E7A4F7556}") = "R5T.T0185", "..\..\R5T.T0185\source\R5T.T0185\R5T.T0185.csproj", "{9BEACC26-E756-439E-96B4-1B7C8143CCD5}"
EndProject
Project("{9A19103F-16F7-4668-BE54-9A1E7A4F7556}") = "R5T.T0199.T000", "..\..\R5T.T0199\source\R5T.T0199.T000\R5T.T0199.T000.csproj", "{F6B3AA0E-FB4A-4CC9-8D81-08E568363CAE}"
EndProject
Project("{9A19103F-16F7-4668-BE54-9A1E7A4F7556}") = "R5T.T0199.T001", "..\..\R5T.T0199\source\R5T.T0199.T001\R5T.T0199.T001.csproj", "{E08D0DD8-4CC9-495F-99D0-9E3FCF09A84F}"
EndProject
Project("{9A19103F-16F7-4668-BE54-9A1E7A4F7556}") = "R5T.T0199", "..\..\R5T.T0199\source\R5T.T0199\R5T.T0199.csproj", "{813194C5-06D4-42E0-88C2-3FC61554185B}"
EndProject
Project("{9A19103F-16F7-4668-BE54-9A1E7A4F7556}") = "R5T.T0203", "..\..\R5T.T0203\source\R5T.T0203\R5T.T0203.csproj", "{3F09FDB3-DDED-4B23-B036-5787E7405197}"
EndProject
Project("{9A19103F-16F7-4668-BE54-9A1E7A4F7556}") = "R5T.T0213", "..\..\R5T.T0213\source\R5T.T0213\R5T.T0213.csproj", "{FDAB5F17-98CA-4307-A6A2-DBAD612070BE}"
EndProject
Project("{9A19103F-16F7-4668-BE54-9A1E7A4F7556}") = "R5T.T0218", "..\..\R5T.T0218\source\R5T.T0218\R5T.T0218.csproj", "{BA77415F-1169-4E0D-8492-10EB2411FC2C}"
EndProject
Project("{9A19103F-16F7-4668-BE54-9A1E7A4F7556}") = "R5T.T0219", "..\..\R5T.T0219\source\R5T.T0219\R5T.T0219.csproj", "{284383A1-5631-4772-B880-393810312DB1}"
EndProject
Project("{9A19103F-16F7-4668-BE54-9A1E7A4F7556}") = "R5T.T0220", "..\..\R5T.T0220\source\R5T.T0220\R5T.T0220.csproj", "{1D4A4B4D-A2C3-404C-B456-902CAC48D3FF}"
EndProject
Project("{9A19103F-16F7-4668-BE54-9A1E7A4F7556}") = "R5T.T0221", "..\..\R5T.T0221\source\R5T.T0221\R5T.T0221.csproj", "{70B3F798-8483-4B45-9460-18A60A4EF096}"
EndProject
Project("{9A19103F-16F7-4668-BE54-9A1E7A4F7556}") = "R5T.T0227", "..\..\R5T.T0227\source\R5T.T0227\R5T.T0227.csproj", "{52D55208-2481-46CD-A111-CA55024A303B}"
EndProject
Project("{9A19103F-16F7-4668-BE54-9A1E7A4F7556}") = "R5T.Y0000", "..\..\R5T.Y0000\source\R5T.Y0000\R5T.Y0000.csproj", "{7113424B-6594-4335-9060-8B0BD3A7621B}"
EndProject
Project("{9A19103F-16F7-4668-BE54-9A1E7A4F7556}") = "R5T.Y0006", "..\..\R5T.Y0006\source\R5T.Y0006\R5T.Y0006.csproj", "{B4CE183F-800E-42FD-A2C5-0506EB1E7AE5}"
EndProject
Project("{9A19103F-16F7-4668-BE54-9A1E7A4F7556}") = "R5T.Z0000", "..\..\R5T.Z0000\source\R5T.Z0000\R5T.Z0000.csproj", "{BCBDA3BF-3847-4CCD-8B53-574A084B058F}"
EndProject
Project("{9A19103F-16F7-4668-BE54-9A1E7A4F7556}") = "R5T.Z0010.Platform", "..\..\R5T.Z0010\source\R5T.Z0010.Platform\R5T.Z0010.Platform.csproj", "{F988E3C9-EC63-40EB-A983-BCAC63B66625}"
EndProject
Project("{9A19103F-16F7-4668-BE54-9A1E7A4F7556}") = "R5T.Z0010", "..\..\R5T.Z0010\source\R5T.Z0010\R5T.Z0010.csproj", "{80A9E13E-BCEB-45B0-86E0-5F1C95A7B9DD}"
EndProject
Project("{9A19103F-16F7-4668-BE54-9A1E7A4F7556}") = "R5T.Z0057.Platform", "..\..\R5T.Z0057\source\R5T.Z0057.Platform\R5T.Z0057.Platform.csproj", "{4E60820B-8AD7-4A05-A0F4-A98D121CC64A}"
EndProject
Project("{9A19103F-16F7-4668-BE54-9A1E7A4F7556}") = "R5T.Z0057", "..\..\R5T.Z0057\source\R5T.Z0057\R5T.Z0057.csproj", "{5EC845D7-ABF1-4D7F-9460-F53E0CD7B59B}"
EndProject
Project("{9A19103F-16F7-4668-BE54-9A1E7A4F7556}") = "R5T.Z0058", "..\..\R5T.Z0058\source\R5T.Z0058\R5T.Z0058.csproj", "{FA114B57-F9A5-47D4-8CBD-9DD708EA812C}"
EndProject
Project("{9A19103F-16F7-4668-BE54-9A1E7A4F7556}") = "R5T.L0095.O001", "R5T.L0095.O001\R5T.L0095.O001.csproj", "{F04C4D72-BD8D-46D7-BB2A-77AA90E19CA0}"
EndProject
Project("{9A19103F-16F7-4668-BE54-9A1E7A4F7556}") = "R5T.T0240", "..\..\R5T.T0240\source\R5T.T0240\R5T.T0240.csproj", "{482EC17D-349A-49D6-8785-0F8137D6B367}"
EndProject
Project("{9A19103F-16F7-4668-BE54-9A1E7A4F7556}") = "R5T.T0241", "..\..\R5T.T0241\source\R5T.T0241\R5T.T0241.csproj", "{F2DBB11C-A3D5-4A29-B3DD-038577F59A96}"
EndProject
Project("{9A19103F-16F7-4668-BE54-9A1E7A4F7556}") = "R5T.F0050", "..\..\R5T.F0050\source\R5T.F0050\R5T.F0050.csproj", "{E3AD344F-C343-40AD-8E71-14E137401572}"
EndProject
Project("{9A19103F-16F7-4668-BE54-9A1E7A4F7556}") = "R5T.L0095.T001", "R5T.L0095.T001\R5T.L0095.T001.csproj", "{498C7A4D-C1D3-4349-A139-67AA413134A5}"
EndProject
Project("{9A19103F-16F7-4668-BE54-9A1E7A4F7556}") = "R5T.F0024.T001", "..\..\R5T.F0024\source\R5T.F0024.T001\R5T.F0024.T001.csproj", "{14670F31-923F-44B1-B2C0-43F2BCD174F9}"
EndProject
Project("{9A19103F-16F7-4668-BE54-9A1E7A4F7556}") = "R5T.L0095.O002", "R5T.L0095.O002\R5T.L0095.O002.csproj", "{20010A71-7B32-4325-952F-F703C8536ED0}"
EndProject
Project("{9A19103F-16F7-4668-BE54-9A1E7A4F7556}") = "R5T.L0092.T001", "..\..\R5T.L0092\source\R5T.L0092.T001\R5T.L0092.T001.csproj", "{DA729D22-3BB6-4FDD-95DD-C32117D5CE7A}"
EndProject
Project("{9A19103F-16F7-4668-BE54-9A1E7A4F7556}") = "R5T.T0244", "..\..\R5T.T0244\source\R5T.T0244\R5T.T0244.csproj", "{7E3BCB0D-FEBA-418A-B9DF-6B50B6A958BC}"
EndProject
Project("{9A19103F-16F7-4668-BE54-9A1E7A4F7556}") = "R5T.L0091.T000", "..\..\R5T.L0091\source\R5T.L0091.T000\R5T.L0091.T000.csproj", "{438FB3CC-4B20-4FC6-B340-2A1836BEDCE8}"
EndProject
Global
	GlobalSection(NestedProjects) = preSolution
		{08F36D9F-00EE-405B-8C89-629CD1268CB1} = {87E30220-C64B-4A1C-93E6-EAE0BF4BF281}
		{DB55D09A-FD6E-4F00-891A-8DAAC6367B1A} = {87E30220-C64B-4A1C-93E6-EAE0BF4BF281}
		{C0D3C52E-46C8-4061-BB8E-B70B37829CFB} = {87E30220-C64B-4A1C-93E6-EAE0BF4BF281}
		{D891632D-E788-446A-B7AD-3F923C1C3B05} = {87E30220-C64B-4A1C-93E6-EAE0BF4BF281}
		{A8672739-9BB4-415C-BF4D-5FC1AEC4FA75} = {87E30220-C64B-4A1C-93E6-EAE0BF4BF281}
		{9B4DA820-2CB3-463F-8038-F46395B06FAB} = {87E30220-C64B-4A1C-93E6-EAE0BF4BF281}
		{A4AD97F8-84D5-4F6F-92C6-3518FAC34954} = {87E30220-C64B-4A1C-93E6-EAE0BF4BF281}
		{3821899D-1B6D-40D5-BE4D-F6DDE1F4BCEF} = {87E30220-C64B-4A1C-93E6-EAE0BF4BF281}
		{DAC87872-8D97-4A17-936D-1B25F13C9BAB} = {87E30220-C64B-4A1C-93E6-EAE0BF4BF281}
		{69C3A240-8363-4F47-81D7-283DED4F7CAD} = {87E30220-C64B-4A1C-93E6-EAE0BF4BF281}
		{5D29EF0A-141F-4F6D-B87E-065F8C861EBB} = {87E30220-C64B-4A1C-93E6-EAE0BF4BF281}
		{811F9E75-F2D5-43D8-BBF9-400297095EE4} = {87E30220-C64B-4A1C-93E6-EAE0BF4BF281}
		{904CFE78-489C-4684-BB4C-FB12FE657AF7} = {87E30220-C64B-4A1C-93E6-EAE0BF4BF281}
		{B43B120C-A15B-4438-8917-C6E263EA4F30} = {87E30220-C64B-4A1C-93E6-EAE0BF4BF281}
		{091581EB-2DA8-4CEC-880D-9BBAD56F5EC8} = {87E30220-C64B-4A1C-93E6-EAE0BF4BF281}
		{4C878C70-146F-4706-B0DD-382844EAAADB} = {87E30220-C64B-4A1C-93E6-EAE0BF4BF281}
		{CA7E4F6C-B4B5-4E60-B81D-1FFAFC0061CB} = {87E30220-C64B-4A1C-93E6-EAE0BF4BF281}
		{72FA54BF-CC52-4708-8A43-B89E8E3E5F27} = {87E30220-C64B-4A1C-93E6-EAE0BF4BF281}
		{20B07786-51C3-4167-B328-424505E87A87} = {87E30220-C64B-4A1C-93E6-EAE0BF4BF281}
		{874E3761-A18B-435E-A5A1-D3FA340AB515} = {87E30220-C64B-4A1C-93E6-EAE0BF4BF281}
		{18DB9601-46E1-430F-B751-ECB1FCD3D21A} = {87E30220-C64B-4A1C-93E6-EAE0BF4BF281}
		{812FAC29-129F-42E7-B659-A2E36E8A1E07} = {87E30220-C64B-4A1C-93E6-EAE0BF4BF281}
		{440403F6-71BF-4FA5-BF9B-FF8E2C472000} = {87E30220-C64B-4A1C-93E6-EAE0BF4BF281}
		{271EBD77-4D55-4B18-A35B-EF2ACAF65646} = {87E30220-C64B-4A1C-93E6-EAE0BF4BF281}
		{2DBBF161-A8CA-4D3C-B36E-4FC731E7E338} = {87E30220-C64B-4A1C-93E6-EAE0BF4BF281}
		{CE8E2284-8B15-42F8-B4AA-61A36229A8A0} = {87E30220-C64B-4A1C-93E6-EAE0BF4BF281}
		{1EB9DA17-6316-4039-AF05-03213F8FED35} = {87E30220-C64B-4A1C-93E6-EAE0BF4BF281}
		{AA2CF81B-3ED5-420F-8DB1-49E5EEEA79A3} = {87E30220-C64B-4A1C-93E6-EAE0BF4BF281}
		{7B203AB3-0E05-45E9-8F40-B47FE212205D} = {87E30220-C64B-4A1C-93E6-EAE0BF4BF281}
		{C1EFFEE4-CA0C-48D3-9ED8-6C79465ABC6F} = {87E30220-C64B-4A1C-93E6-EAE0BF4BF281}
		{A9C4FA13-4D55-4B35-830F-B41A4E260486} = {87E30220-C64B-4A1C-93E6-EAE0BF4BF281}
		{DF23E97D-9A79-482F-BB8D-12A0CB1773D8} = {87E30220-C64B-4A1C-93E6-EAE0BF4BF281}
		{7FBF0432-E7AF-4A02-9458-9D4359C7C716} = {87E30220-C64B-4A1C-93E6-EAE0BF4BF281}
		{BC93B2D2-5EBD-475B-B993-4999FFD96CA8} = {87E30220-C64B-4A1C-93E6-EAE0BF4BF281}
		{F631F8E9-9BFC-4CDC-8F5F-DD134FABA02D} = {87E30220-C64B-4A1C-93E6-EAE0BF4BF281}
		{34FAB0ED-E5CD-4779-9FB8-DF1C86BC4AA1} = {87E30220-C64B-4A1C-93E6-EAE0BF4BF281}
		{A3768FBE-86AC-4667-8A90-5BECF400A21B} = {87E30220-C64B-4A1C-93E6-EAE0BF4BF281}
		{9BEACC26-E756-439E-96B4-1B7C8143CCD5} = {87E30220-C64B-4A1C-93E6-EAE0BF4BF281}
		{F6B3AA0E-FB4A-4CC9-8D81-08E568363CAE} = {87E30220-C64B-4A1C-93E6-EAE0BF4BF281}
		{E08D0DD8-4CC9-495F-99D0-9E3FCF09A84F} = {87E30220-C64B-4A1C-93E6-EAE0BF4BF281}
		{813194C5-06D4-42E0-88C2-3FC61554185B} = {87E30220-C64B-4A1C-93E6-EAE0BF4BF281}
		{3F09FDB3-DDED-4B23-B036-5787E7405197} = {87E30220-C64B-4A1C-93E6-EAE0BF4BF281}
		{FDAB5F17-98CA-4307-A6A2-DBAD612070BE} = {87E30220-C64B-4A1C-93E6-EAE0BF4BF281}
		{BA77415F-1169-4E0D-8492-10EB2411FC2C} = {87E30220-C64B-4A1C-93E6-EAE0BF4BF281}
		{284383A1-5631-4772-B880-393810312DB1} = {87E30220-C64B-4A1C-93E6-EAE0BF4BF281}
		{1D4A4B4D-A2C3-404C-B456-902CAC48D3FF} = {87E30220-C64B-4A1C-93E6-EAE0BF4BF281}
		{70B3F798-8483-4B45-9460-18A60A4EF096} = {87E30220-C64B-4A1C-93E6-EAE0BF4BF281}
		{52D55208-2481-46CD-A111-CA55024A303B} = {87E30220-C64B-4A1C-93E6-EAE0BF4BF281}
		{7113424B-6594-4335-9060-8B0BD3A7621B} = {87E30220-C64B-4A1C-93E6-EAE0BF4BF281}
		{B4CE183F-800E-42FD-A2C5-0506EB1E7AE5} = {87E30220-C64B-4A1C-93E6-EAE0BF4BF281}
		{BCBDA3BF-3847-4CCD-8B53-574A084B058F} = {87E30220-C64B-4A1C-93E6-EAE0BF4BF281}
		{F988E3C9-EC63-40EB-A983-BCAC63B66625} = {87E30220-C64B-4A1C-93E6-EAE0BF4BF281}
		{80A9E13E-BCEB-45B0-86E0-5F1C95A7B9DD} = {87E30220-C64B-4A1C-93E6-EAE0BF4BF281}
		{4E60820B-8AD7-4A05-A0F4-A98D121CC64A} = {87E30220-C64B-4A1C-93E6-EAE0BF4BF281}
		{5EC845D7-ABF1-4D7F-9460-F53E0CD7B59B} = {87E30220-C64B-4A1C-93E6-EAE0BF4BF281}
		{FA114B57-F9A5-47D4-8CBD-9DD708EA812C} = {87E30220-C64B-4A1C-93E6-EAE0BF4BF281}
		{482EC17D-349A-49D6-8785-0F8137D6B367} = {87E30220-C64B-4A1C-93E6-EAE0BF4BF281}
		{F2DBB11C-A3D5-4A29-B3DD-038577F59A96} = {87E30220-C64B-4A1C-93E6-EAE0BF4BF281}
		{E3AD344F-C343-40AD-8E71-14E137401572} = {87E30220-C64B-4A1C-93E6-EAE0BF4BF281}
		{14670F31-923F-44B1-B2C0-43F2BCD174F9} = {87E30220-C64B-4A1C-93E6-EAE0BF4BF281}
		{DA729D22-3BB6-4FDD-95DD-C32117D5CE7A} = {87E30220-C64B-4A1C-93E6-EAE0BF4BF281}
		{7E3BCB0D-FEBA-418A-B9DF-6B50B6A958BC} = {87E30220-C64B-4A1C-93E6-EAE0BF4BF281}
		{438FB3CC-4B20-4FC6-B340-2A1836BEDCE8} = {87E30220-C64B-4A1C-93E6-EAE0BF4BF281}
	EndGlobalSection
	GlobalSection(SolutionConfigurationPlatforms) = preSolution
		Debug|Any CPU = Debug|Any CPU
		Release|Any CPU = Release|Any CPU
	EndGlobalSection
	GlobalSection(ProjectConfigurationPlatforms) = postSolution
		{792D27A0-1BAD-4F43-884E-7B63967BA3D6}.Debug|Any CPU.ActiveCfg = Debug|Any CPU
		{792D27A0-1BAD-4F43-884E-7B63967BA3D6}.Debug|Any CPU.Build.0 = Debug|Any CPU
		{792D27A0-1BAD-4F43-884E-7B63967BA3D6}.Release|Any CPU.ActiveCfg = Release|Any CPU
		{792D27A0-1BAD-4F43-884E-7B63967BA3D6}.Release|Any CPU.Build.0 = Release|Any CPU
		{08DBAFB2-C9F6-41E3-8215-7454B9779FAC}.Debug|Any CPU.ActiveCfg = Debug|Any CPU
		{08DBAFB2-C9F6-41E3-8215-7454B9779FAC}.Debug|Any CPU.Build.0 = Debug|Any CPU
		{08DBAFB2-C9F6-41E3-8215-7454B9779FAC}.Release|Any CPU.ActiveCfg = Release|Any CPU
		{08DBAFB2-C9F6-41E3-8215-7454B9779FAC}.Release|Any CPU.Build.0 = Release|Any CPU
		{BE323133-A1A9-48FD-996D-C688CD945899}.Debug|Any CPU.ActiveCfg = Debug|Any CPU
		{BE323133-A1A9-48FD-996D-C688CD945899}.Debug|Any CPU.Build.0 = Debug|Any CPU
		{BE323133-A1A9-48FD-996D-C688CD945899}.Release|Any CPU.ActiveCfg = Release|Any CPU
		{BE323133-A1A9-48FD-996D-C688CD945899}.Release|Any CPU.Build.0 = Release|Any CPU
		{08F36D9F-00EE-405B-8C89-629CD1268CB1}.Debug|Any CPU.ActiveCfg = Debug|Any CPU
		{08F36D9F-00EE-405B-8C89-629CD1268CB1}.Debug|Any CPU.Build.0 = Debug|Any CPU
		{08F36D9F-00EE-405B-8C89-629CD1268CB1}.Release|Any CPU.ActiveCfg = Release|Any CPU
		{08F36D9F-00EE-405B-8C89-629CD1268CB1}.Release|Any CPU.Build.0 = Release|Any CPU
		{DB55D09A-FD6E-4F00-891A-8DAAC6367B1A}.Debug|Any CPU.ActiveCfg = Debug|Any CPU
		{DB55D09A-FD6E-4F00-891A-8DAAC6367B1A}.Debug|Any CPU.Build.0 = Debug|Any CPU
		{DB55D09A-FD6E-4F00-891A-8DAAC6367B1A}.Release|Any CPU.ActiveCfg = Release|Any CPU
		{DB55D09A-FD6E-4F00-891A-8DAAC6367B1A}.Release|Any CPU.Build.0 = Release|Any CPU
		{C0D3C52E-46C8-4061-BB8E-B70B37829CFB}.Debug|Any CPU.ActiveCfg = Debug|Any CPU
		{C0D3C52E-46C8-4061-BB8E-B70B37829CFB}.Debug|Any CPU.Build.0 = Debug|Any CPU
		{C0D3C52E-46C8-4061-BB8E-B70B37829CFB}.Release|Any CPU.ActiveCfg = Release|Any CPU
		{C0D3C52E-46C8-4061-BB8E-B70B37829CFB}.Release|Any CPU.Build.0 = Release|Any CPU
		{D891632D-E788-446A-B7AD-3F923C1C3B05}.Debug|Any CPU.ActiveCfg = Debug|Any CPU
		{D891632D-E788-446A-B7AD-3F923C1C3B05}.Debug|Any CPU.Build.0 = Debug|Any CPU
		{D891632D-E788-446A-B7AD-3F923C1C3B05}.Release|Any CPU.ActiveCfg = Release|Any CPU
		{D891632D-E788-446A-B7AD-3F923C1C3B05}.Release|Any CPU.Build.0 = Release|Any CPU
		{A8672739-9BB4-415C-BF4D-5FC1AEC4FA75}.Debug|Any CPU.ActiveCfg = Debug|Any CPU
		{A8672739-9BB4-415C-BF4D-5FC1AEC4FA75}.Debug|Any CPU.Build.0 = Debug|Any CPU
		{A8672739-9BB4-415C-BF4D-5FC1AEC4FA75}.Release|Any CPU.ActiveCfg = Release|Any CPU
		{A8672739-9BB4-415C-BF4D-5FC1AEC4FA75}.Release|Any CPU.Build.0 = Release|Any CPU
		{9B4DA820-2CB3-463F-8038-F46395B06FAB}.Debug|Any CPU.ActiveCfg = Debug|Any CPU
		{9B4DA820-2CB3-463F-8038-F46395B06FAB}.Debug|Any CPU.Build.0 = Debug|Any CPU
		{9B4DA820-2CB3-463F-8038-F46395B06FAB}.Release|Any CPU.ActiveCfg = Release|Any CPU
		{9B4DA820-2CB3-463F-8038-F46395B06FAB}.Release|Any CPU.Build.0 = Release|Any CPU
		{A4AD97F8-84D5-4F6F-92C6-3518FAC34954}.Debug|Any CPU.ActiveCfg = Debug|Any CPU
		{A4AD97F8-84D5-4F6F-92C6-3518FAC34954}.Debug|Any CPU.Build.0 = Debug|Any CPU
		{A4AD97F8-84D5-4F6F-92C6-3518FAC34954}.Release|Any CPU.ActiveCfg = Release|Any CPU
		{A4AD97F8-84D5-4F6F-92C6-3518FAC34954}.Release|Any CPU.Build.0 = Release|Any CPU
		{3821899D-1B6D-40D5-BE4D-F6DDE1F4BCEF}.Debug|Any CPU.ActiveCfg = Debug|Any CPU
		{3821899D-1B6D-40D5-BE4D-F6DDE1F4BCEF}.Debug|Any CPU.Build.0 = Debug|Any CPU
		{3821899D-1B6D-40D5-BE4D-F6DDE1F4BCEF}.Release|Any CPU.ActiveCfg = Release|Any CPU
		{3821899D-1B6D-40D5-BE4D-F6DDE1F4BCEF}.Release|Any CPU.Build.0 = Release|Any CPU
		{DAC87872-8D97-4A17-936D-1B25F13C9BAB}.Debug|Any CPU.ActiveCfg = Debug|Any CPU
		{DAC87872-8D97-4A17-936D-1B25F13C9BAB}.Debug|Any CPU.Build.0 = Debug|Any CPU
		{DAC87872-8D97-4A17-936D-1B25F13C9BAB}.Release|Any CPU.ActiveCfg = Release|Any CPU
		{DAC87872-8D97-4A17-936D-1B25F13C9BAB}.Release|Any CPU.Build.0 = Release|Any CPU
		{69C3A240-8363-4F47-81D7-283DED4F7CAD}.Debug|Any CPU.ActiveCfg = Debug|Any CPU
		{69C3A240-8363-4F47-81D7-283DED4F7CAD}.Debug|Any CPU.Build.0 = Debug|Any CPU
		{69C3A240-8363-4F47-81D7-283DED4F7CAD}.Release|Any CPU.ActiveCfg = Release|Any CPU
		{69C3A240-8363-4F47-81D7-283DED4F7CAD}.Release|Any CPU.Build.0 = Release|Any CPU
		{5D29EF0A-141F-4F6D-B87E-065F8C861EBB}.Debug|Any CPU.ActiveCfg = Debug|Any CPU
		{5D29EF0A-141F-4F6D-B87E-065F8C861EBB}.Debug|Any CPU.Build.0 = Debug|Any CPU
		{5D29EF0A-141F-4F6D-B87E-065F8C861EBB}.Release|Any CPU.ActiveCfg = Release|Any CPU
		{5D29EF0A-141F-4F6D-B87E-065F8C861EBB}.Release|Any CPU.Build.0 = Release|Any CPU
		{811F9E75-F2D5-43D8-BBF9-400297095EE4}.Debug|Any CPU.ActiveCfg = Debug|Any CPU
		{811F9E75-F2D5-43D8-BBF9-400297095EE4}.Debug|Any CPU.Build.0 = Debug|Any CPU
		{811F9E75-F2D5-43D8-BBF9-400297095EE4}.Release|Any CPU.ActiveCfg = Release|Any CPU
		{811F9E75-F2D5-43D8-BBF9-400297095EE4}.Release|Any CPU.Build.0 = Release|Any CPU
		{904CFE78-489C-4684-BB4C-FB12FE657AF7}.Debug|Any CPU.ActiveCfg = Debug|Any CPU
		{904CFE78-489C-4684-BB4C-FB12FE657AF7}.Debug|Any CPU.Build.0 = Debug|Any CPU
		{904CFE78-489C-4684-BB4C-FB12FE657AF7}.Release|Any CPU.ActiveCfg = Release|Any CPU
		{904CFE78-489C-4684-BB4C-FB12FE657AF7}.Release|Any CPU.Build.0 = Release|Any CPU
		{B43B120C-A15B-4438-8917-C6E263EA4F30}.Debug|Any CPU.ActiveCfg = Debug|Any CPU
		{B43B120C-A15B-4438-8917-C6E263EA4F30}.Debug|Any CPU.Build.0 = Debug|Any CPU
		{B43B120C-A15B-4438-8917-C6E263EA4F30}.Release|Any CPU.ActiveCfg = Release|Any CPU
		{B43B120C-A15B-4438-8917-C6E263EA4F30}.Release|Any CPU.Build.0 = Release|Any CPU
		{091581EB-2DA8-4CEC-880D-9BBAD56F5EC8}.Debug|Any CPU.ActiveCfg = Debug|Any CPU
		{091581EB-2DA8-4CEC-880D-9BBAD56F5EC8}.Debug|Any CPU.Build.0 = Debug|Any CPU
		{091581EB-2DA8-4CEC-880D-9BBAD56F5EC8}.Release|Any CPU.ActiveCfg = Release|Any CPU
		{091581EB-2DA8-4CEC-880D-9BBAD56F5EC8}.Release|Any CPU.Build.0 = Release|Any CPU
		{4C878C70-146F-4706-B0DD-382844EAAADB}.Debug|Any CPU.ActiveCfg = Debug|Any CPU
		{4C878C70-146F-4706-B0DD-382844EAAADB}.Debug|Any CPU.Build.0 = Debug|Any CPU
		{4C878C70-146F-4706-B0DD-382844EAAADB}.Release|Any CPU.ActiveCfg = Release|Any CPU
		{4C878C70-146F-4706-B0DD-382844EAAADB}.Release|Any CPU.Build.0 = Release|Any CPU
		{CA7E4F6C-B4B5-4E60-B81D-1FFAFC0061CB}.Debug|Any CPU.ActiveCfg = Debug|Any CPU
		{CA7E4F6C-B4B5-4E60-B81D-1FFAFC0061CB}.Debug|Any CPU.Build.0 = Debug|Any CPU
		{CA7E4F6C-B4B5-4E60-B81D-1FFAFC0061CB}.Release|Any CPU.ActiveCfg = Release|Any CPU
		{CA7E4F6C-B4B5-4E60-B81D-1FFAFC0061CB}.Release|Any CPU.Build.0 = Release|Any CPU
		{72FA54BF-CC52-4708-8A43-B89E8E3E5F27}.Debug|Any CPU.ActiveCfg = Debug|Any CPU
		{72FA54BF-CC52-4708-8A43-B89E8E3E5F27}.Debug|Any CPU.Build.0 = Debug|Any CPU
		{72FA54BF-CC52-4708-8A43-B89E8E3E5F27}.Release|Any CPU.ActiveCfg = Release|Any CPU
		{72FA54BF-CC52-4708-8A43-B89E8E3E5F27}.Release|Any CPU.Build.0 = Release|Any CPU
		{20B07786-51C3-4167-B328-424505E87A87}.Debug|Any CPU.ActiveCfg = Debug|Any CPU
		{20B07786-51C3-4167-B328-424505E87A87}.Debug|Any CPU.Build.0 = Debug|Any CPU
		{20B07786-51C3-4167-B328-424505E87A87}.Release|Any CPU.ActiveCfg = Release|Any CPU
		{20B07786-51C3-4167-B328-424505E87A87}.Release|Any CPU.Build.0 = Release|Any CPU
		{874E3761-A18B-435E-A5A1-D3FA340AB515}.Debug|Any CPU.ActiveCfg = Debug|Any CPU
		{874E3761-A18B-435E-A5A1-D3FA340AB515}.Debug|Any CPU.Build.0 = Debug|Any CPU
		{874E3761-A18B-435E-A5A1-D3FA340AB515}.Release|Any CPU.ActiveCfg = Release|Any CPU
		{874E3761-A18B-435E-A5A1-D3FA340AB515}.Release|Any CPU.Build.0 = Release|Any CPU
		{18DB9601-46E1-430F-B751-ECB1FCD3D21A}.Debug|Any CPU.ActiveCfg = Debug|Any CPU
		{18DB9601-46E1-430F-B751-ECB1FCD3D21A}.Debug|Any CPU.Build.0 = Debug|Any CPU
		{18DB9601-46E1-430F-B751-ECB1FCD3D21A}.Release|Any CPU.ActiveCfg = Release|Any CPU
		{18DB9601-46E1-430F-B751-ECB1FCD3D21A}.Release|Any CPU.Build.0 = Release|Any CPU
		{812FAC29-129F-42E7-B659-A2E36E8A1E07}.Debug|Any CPU.ActiveCfg = Debug|Any CPU
		{812FAC29-129F-42E7-B659-A2E36E8A1E07}.Debug|Any CPU.Build.0 = Debug|Any CPU
		{812FAC29-129F-42E7-B659-A2E36E8A1E07}.Release|Any CPU.ActiveCfg = Release|Any CPU
		{812FAC29-129F-42E7-B659-A2E36E8A1E07}.Release|Any CPU.Build.0 = Release|Any CPU
		{440403F6-71BF-4FA5-BF9B-FF8E2C472000}.Debug|Any CPU.ActiveCfg = Debug|Any CPU
		{440403F6-71BF-4FA5-BF9B-FF8E2C472000}.Debug|Any CPU.Build.0 = Debug|Any CPU
		{440403F6-71BF-4FA5-BF9B-FF8E2C472000}.Release|Any CPU.ActiveCfg = Release|Any CPU
		{440403F6-71BF-4FA5-BF9B-FF8E2C472000}.Release|Any CPU.Build.0 = Release|Any CPU
		{271EBD77-4D55-4B18-A35B-EF2ACAF65646}.Debug|Any CPU.ActiveCfg = Debug|Any CPU
		{271EBD77-4D55-4B18-A35B-EF2ACAF65646}.Debug|Any CPU.Build.0 = Debug|Any CPU
		{271EBD77-4D55-4B18-A35B-EF2ACAF65646}.Release|Any CPU.ActiveCfg = Release|Any CPU
		{271EBD77-4D55-4B18-A35B-EF2ACAF65646}.Release|Any CPU.Build.0 = Release|Any CPU
		{2DBBF161-A8CA-4D3C-B36E-4FC731E7E338}.Debug|Any CPU.ActiveCfg = Debug|Any CPU
		{2DBBF161-A8CA-4D3C-B36E-4FC731E7E338}.Debug|Any CPU.Build.0 = Debug|Any CPU
		{2DBBF161-A8CA-4D3C-B36E-4FC731E7E338}.Release|Any CPU.ActiveCfg = Release|Any CPU
		{2DBBF161-A8CA-4D3C-B36E-4FC731E7E338}.Release|Any CPU.Build.0 = Release|Any CPU
		{CE8E2284-8B15-42F8-B4AA-61A36229A8A0}.Debug|Any CPU.ActiveCfg = Debug|Any CPU
		{CE8E2284-8B15-42F8-B4AA-61A36229A8A0}.Debug|Any CPU.Build.0 = Debug|Any CPU
		{CE8E2284-8B15-42F8-B4AA-61A36229A8A0}.Release|Any CPU.ActiveCfg = Release|Any CPU
		{CE8E2284-8B15-42F8-B4AA-61A36229A8A0}.Release|Any CPU.Build.0 = Release|Any CPU
		{1EB9DA17-6316-4039-AF05-03213F8FED35}.Debug|Any CPU.ActiveCfg = Debug|Any CPU
		{1EB9DA17-6316-4039-AF05-03213F8FED35}.Debug|Any CPU.Build.0 = Debug|Any CPU
		{1EB9DA17-6316-4039-AF05-03213F8FED35}.Release|Any CPU.ActiveCfg = Release|Any CPU
		{1EB9DA17-6316-4039-AF05-03213F8FED35}.Release|Any CPU.Build.0 = Release|Any CPU
		{AA2CF81B-3ED5-420F-8DB1-49E5EEEA79A3}.Debug|Any CPU.ActiveCfg = Debug|Any CPU
		{AA2CF81B-3ED5-420F-8DB1-49E5EEEA79A3}.Debug|Any CPU.Build.0 = Debug|Any CPU
		{AA2CF81B-3ED5-420F-8DB1-49E5EEEA79A3}.Release|Any CPU.ActiveCfg = Release|Any CPU
		{AA2CF81B-3ED5-420F-8DB1-49E5EEEA79A3}.Release|Any CPU.Build.0 = Release|Any CPU
		{7B203AB3-0E05-45E9-8F40-B47FE212205D}.Debug|Any CPU.ActiveCfg = Debug|Any CPU
		{7B203AB3-0E05-45E9-8F40-B47FE212205D}.Debug|Any CPU.Build.0 = Debug|Any CPU
		{7B203AB3-0E05-45E9-8F40-B47FE212205D}.Release|Any CPU.ActiveCfg = Release|Any CPU
		{7B203AB3-0E05-45E9-8F40-B47FE212205D}.Release|Any CPU.Build.0 = Release|Any CPU
		{C1EFFEE4-CA0C-48D3-9ED8-6C79465ABC6F}.Debug|Any CPU.ActiveCfg = Debug|Any CPU
		{C1EFFEE4-CA0C-48D3-9ED8-6C79465ABC6F}.Debug|Any CPU.Build.0 = Debug|Any CPU
		{C1EFFEE4-CA0C-48D3-9ED8-6C79465ABC6F}.Release|Any CPU.ActiveCfg = Release|Any CPU
		{C1EFFEE4-CA0C-48D3-9ED8-6C79465ABC6F}.Release|Any CPU.Build.0 = Release|Any CPU
		{A9C4FA13-4D55-4B35-830F-B41A4E260486}.Debug|Any CPU.ActiveCfg = Debug|Any CPU
		{A9C4FA13-4D55-4B35-830F-B41A4E260486}.Debug|Any CPU.Build.0 = Debug|Any CPU
		{A9C4FA13-4D55-4B35-830F-B41A4E260486}.Release|Any CPU.ActiveCfg = Release|Any CPU
		{A9C4FA13-4D55-4B35-830F-B41A4E260486}.Release|Any CPU.Build.0 = Release|Any CPU
		{DF23E97D-9A79-482F-BB8D-12A0CB1773D8}.Debug|Any CPU.ActiveCfg = Debug|Any CPU
		{DF23E97D-9A79-482F-BB8D-12A0CB1773D8}.Debug|Any CPU.Build.0 = Debug|Any CPU
		{DF23E97D-9A79-482F-BB8D-12A0CB1773D8}.Release|Any CPU.ActiveCfg = Release|Any CPU
		{DF23E97D-9A79-482F-BB8D-12A0CB1773D8}.Release|Any CPU.Build.0 = Release|Any CPU
		{7FBF0432-E7AF-4A02-9458-9D4359C7C716}.Debug|Any CPU.ActiveCfg = Debug|Any CPU
		{7FBF0432-E7AF-4A02-9458-9D4359C7C716}.Debug|Any CPU.Build.0 = Debug|Any CPU
		{7FBF0432-E7AF-4A02-9458-9D4359C7C716}.Release|Any CPU.ActiveCfg = Release|Any CPU
		{7FBF0432-E7AF-4A02-9458-9D4359C7C716}.Release|Any CPU.Build.0 = Release|Any CPU
		{BC93B2D2-5EBD-475B-B993-4999FFD96CA8}.Debug|Any CPU.ActiveCfg = Debug|Any CPU
		{BC93B2D2-5EBD-475B-B993-4999FFD96CA8}.Debug|Any CPU.Build.0 = Debug|Any CPU
		{BC93B2D2-5EBD-475B-B993-4999FFD96CA8}.Release|Any CPU.ActiveCfg = Release|Any CPU
		{BC93B2D2-5EBD-475B-B993-4999FFD96CA8}.Release|Any CPU.Build.0 = Release|Any CPU
		{F631F8E9-9BFC-4CDC-8F5F-DD134FABA02D}.Debug|Any CPU.ActiveCfg = Debug|Any CPU
		{F631F8E9-9BFC-4CDC-8F5F-DD134FABA02D}.Debug|Any CPU.Build.0 = Debug|Any CPU
		{F631F8E9-9BFC-4CDC-8F5F-DD134FABA02D}.Release|Any CPU.ActiveCfg = Release|Any CPU
		{F631F8E9-9BFC-4CDC-8F5F-DD134FABA02D}.Release|Any CPU.Build.0 = Release|Any CPU
		{34FAB0ED-E5CD-4779-9FB8-DF1C86BC4AA1}.Debug|Any CPU.ActiveCfg = Debug|Any CPU
		{34FAB0ED-E5CD-4779-9FB8-DF1C86BC4AA1}.Debug|Any CPU.Build.0 = Debug|Any CPU
		{34FAB0ED-E5CD-4779-9FB8-DF1C86BC4AA1}.Release|Any CPU.ActiveCfg = Release|Any CPU
		{34FAB0ED-E5CD-4779-9FB8-DF1C86BC4AA1}.Release|Any CPU.Build.0 = Release|Any CPU
		{A3768FBE-86AC-4667-8A90-5BECF400A21B}.Debug|Any CPU.ActiveCfg = Debug|Any CPU
		{A3768FBE-86AC-4667-8A90-5BECF400A21B}.Debug|Any CPU.Build.0 = Debug|Any CPU
		{A3768FBE-86AC-4667-8A90-5BECF400A21B}.Release|Any CPU.ActiveCfg = Release|Any CPU
		{A3768FBE-86AC-4667-8A90-5BECF400A21B}.Release|Any CPU.Build.0 = Release|Any CPU
		{9BEACC26-E756-439E-96B4-1B7C8143CCD5}.Debug|Any CPU.ActiveCfg = Debug|Any CPU
		{9BEACC26-E756-439E-96B4-1B7C8143CCD5}.Debug|Any CPU.Build.0 = Debug|Any CPU
		{9BEACC26-E756-439E-96B4-1B7C8143CCD5}.Release|Any CPU.ActiveCfg = Release|Any CPU
		{9BEACC26-E756-439E-96B4-1B7C8143CCD5}.Release|Any CPU.Build.0 = Release|Any CPU
		{F6B3AA0E-FB4A-4CC9-8D81-08E568363CAE}.Debug|Any CPU.ActiveCfg = Debug|Any CPU
		{F6B3AA0E-FB4A-4CC9-8D81-08E568363CAE}.Debug|Any CPU.Build.0 = Debug|Any CPU
		{F6B3AA0E-FB4A-4CC9-8D81-08E568363CAE}.Release|Any CPU.ActiveCfg = Release|Any CPU
		{F6B3AA0E-FB4A-4CC9-8D81-08E568363CAE}.Release|Any CPU.Build.0 = Release|Any CPU
		{E08D0DD8-4CC9-495F-99D0-9E3FCF09A84F}.Debug|Any CPU.ActiveCfg = Debug|Any CPU
		{E08D0DD8-4CC9-495F-99D0-9E3FCF09A84F}.Debug|Any CPU.Build.0 = Debug|Any CPU
		{E08D0DD8-4CC9-495F-99D0-9E3FCF09A84F}.Release|Any CPU.ActiveCfg = Release|Any CPU
		{E08D0DD8-4CC9-495F-99D0-9E3FCF09A84F}.Release|Any CPU.Build.0 = Release|Any CPU
		{813194C5-06D4-42E0-88C2-3FC61554185B}.Debug|Any CPU.ActiveCfg = Debug|Any CPU
		{813194C5-06D4-42E0-88C2-3FC61554185B}.Debug|Any CPU.Build.0 = Debug|Any CPU
		{813194C5-06D4-42E0-88C2-3FC61554185B}.Release|Any CPU.ActiveCfg = Release|Any CPU
		{813194C5-06D4-42E0-88C2-3FC61554185B}.Release|Any CPU.Build.0 = Release|Any CPU
		{3F09FDB3-DDED-4B23-B036-5787E7405197}.Debug|Any CPU.ActiveCfg = Debug|Any CPU
		{3F09FDB3-DDED-4B23-B036-5787E7405197}.Debug|Any CPU.Build.0 = Debug|Any CPU
		{3F09FDB3-DDED-4B23-B036-5787E7405197}.Release|Any CPU.ActiveCfg = Release|Any CPU
		{3F09FDB3-DDED-4B23-B036-5787E7405197}.Release|Any CPU.Build.0 = Release|Any CPU
		{FDAB5F17-98CA-4307-A6A2-DBAD612070BE}.Debug|Any CPU.ActiveCfg = Debug|Any CPU
		{FDAB5F17-98CA-4307-A6A2-DBAD612070BE}.Debug|Any CPU.Build.0 = Debug|Any CPU
		{FDAB5F17-98CA-4307-A6A2-DBAD612070BE}.Release|Any CPU.ActiveCfg = Release|Any CPU
		{FDAB5F17-98CA-4307-A6A2-DBAD612070BE}.Release|Any CPU.Build.0 = Release|Any CPU
		{BA77415F-1169-4E0D-8492-10EB2411FC2C}.Debug|Any CPU.ActiveCfg = Debug|Any CPU
		{BA77415F-1169-4E0D-8492-10EB2411FC2C}.Debug|Any CPU.Build.0 = Debug|Any CPU
		{BA77415F-1169-4E0D-8492-10EB2411FC2C}.Release|Any CPU.ActiveCfg = Release|Any CPU
		{BA77415F-1169-4E0D-8492-10EB2411FC2C}.Release|Any CPU.Build.0 = Release|Any CPU
		{284383A1-5631-4772-B880-393810312DB1}.Debug|Any CPU.ActiveCfg = Debug|Any CPU
		{284383A1-5631-4772-B880-393810312DB1}.Debug|Any CPU.Build.0 = Debug|Any CPU
		{284383A1-5631-4772-B880-393810312DB1}.Release|Any CPU.ActiveCfg = Release|Any CPU
		{284383A1-5631-4772-B880-393810312DB1}.Release|Any CPU.Build.0 = Release|Any CPU
		{1D4A4B4D-A2C3-404C-B456-902CAC48D3FF}.Debug|Any CPU.ActiveCfg = Debug|Any CPU
		{1D4A4B4D-A2C3-404C-B456-902CAC48D3FF}.Debug|Any CPU.Build.0 = Debug|Any CPU
		{1D4A4B4D-A2C3-404C-B456-902CAC48D3FF}.Release|Any CPU.ActiveCfg = Release|Any CPU
		{1D4A4B4D-A2C3-404C-B456-902CAC48D3FF}.Release|Any CPU.Build.0 = Release|Any CPU
		{70B3F798-8483-4B45-9460-18A60A4EF096}.Debug|Any CPU.ActiveCfg = Debug|Any CPU
		{70B3F798-8483-4B45-9460-18A60A4EF096}.Debug|Any CPU.Build.0 = Debug|Any CPU
		{70B3F798-8483-4B45-9460-18A60A4EF096}.Release|Any CPU.ActiveCfg = Release|Any CPU
		{70B3F798-8483-4B45-9460-18A60A4EF096}.Release|Any CPU.Build.0 = Release|Any CPU
		{52D55208-2481-46CD-A111-CA55024A303B}.Debug|Any CPU.ActiveCfg = Debug|Any CPU
		{52D55208-2481-46CD-A111-CA55024A303B}.Debug|Any CPU.Build.0 = Debug|Any CPU
		{52D55208-2481-46CD-A111-CA55024A303B}.Release|Any CPU.ActiveCfg = Release|Any CPU
		{52D55208-2481-46CD-A111-CA55024A303B}.Release|Any CPU.Build.0 = Release|Any CPU
		{7113424B-6594-4335-9060-8B0BD3A7621B}.Debug|Any CPU.ActiveCfg = Debug|Any CPU
		{7113424B-6594-4335-9060-8B0BD3A7621B}.Debug|Any CPU.Build.0 = Debug|Any CPU
		{7113424B-6594-4335-9060-8B0BD3A7621B}.Release|Any CPU.ActiveCfg = Release|Any CPU
		{7113424B-6594-4335-9060-8B0BD3A7621B}.Release|Any CPU.Build.0 = Release|Any CPU
		{B4CE183F-800E-42FD-A2C5-0506EB1E7AE5}.Debug|Any CPU.ActiveCfg = Debug|Any CPU
		{B4CE183F-800E-42FD-A2C5-0506EB1E7AE5}.Debug|Any CPU.Build.0 = Debug|Any CPU
		{B4CE183F-800E-42FD-A2C5-0506EB1E7AE5}.Release|Any CPU.ActiveCfg = Release|Any CPU
		{B4CE183F-800E-42FD-A2C5-0506EB1E7AE5}.Release|Any CPU.Build.0 = Release|Any CPU
		{BCBDA3BF-3847-4CCD-8B53-574A084B058F}.Debug|Any CPU.ActiveCfg = Debug|Any CPU
		{BCBDA3BF-3847-4CCD-8B53-574A084B058F}.Debug|Any CPU.Build.0 = Debug|Any CPU
		{BCBDA3BF-3847-4CCD-8B53-574A084B058F}.Release|Any CPU.ActiveCfg = Release|Any CPU
		{BCBDA3BF-3847-4CCD-8B53-574A084B058F}.Release|Any CPU.Build.0 = Release|Any CPU
		{F988E3C9-EC63-40EB-A983-BCAC63B66625}.Debug|Any CPU.ActiveCfg = Debug|Any CPU
		{F988E3C9-EC63-40EB-A983-BCAC63B66625}.Debug|Any CPU.Build.0 = Debug|Any CPU
		{F988E3C9-EC63-40EB-A983-BCAC63B66625}.Release|Any CPU.ActiveCfg = Release|Any CPU
		{F988E3C9-EC63-40EB-A983-BCAC63B66625}.Release|Any CPU.Build.0 = Release|Any CPU
		{80A9E13E-BCEB-45B0-86E0-5F1C95A7B9DD}.Debug|Any CPU.ActiveCfg = Debug|Any CPU
		{80A9E13E-BCEB-45B0-86E0-5F1C95A7B9DD}.Debug|Any CPU.Build.0 = Debug|Any CPU
		{80A9E13E-BCEB-45B0-86E0-5F1C95A7B9DD}.Release|Any CPU.ActiveCfg = Release|Any CPU
		{80A9E13E-BCEB-45B0-86E0-5F1C95A7B9DD}.Release|Any CPU.Build.0 = Release|Any CPU
		{4E60820B-8AD7-4A05-A0F4-A98D121CC64A}.Debug|Any CPU.ActiveCfg = Debug|Any CPU
		{4E60820B-8AD7-4A05-A0F4-A98D121CC64A}.Debug|Any CPU.Build.0 = Debug|Any CPU
		{4E60820B-8AD7-4A05-A0F4-A98D121CC64A}.Release|Any CPU.ActiveCfg = Release|Any CPU
		{4E60820B-8AD7-4A05-A0F4-A98D121CC64A}.Release|Any CPU.Build.0 = Release|Any CPU
		{5EC845D7-ABF1-4D7F-9460-F53E0CD7B59B}.Debug|Any CPU.ActiveCfg = Debug|Any CPU
		{5EC845D7-ABF1-4D7F-9460-F53E0CD7B59B}.Debug|Any CPU.Build.0 = Debug|Any CPU
		{5EC845D7-ABF1-4D7F-9460-F53E0CD7B59B}.Release|Any CPU.ActiveCfg = Release|Any CPU
		{5EC845D7-ABF1-4D7F-9460-F53E0CD7B59B}.Release|Any CPU.Build.0 = Release|Any CPU
		{FA114B57-F9A5-47D4-8CBD-9DD708EA812C}.Debug|Any CPU.ActiveCfg = Debug|Any CPU
		{FA114B57-F9A5-47D4-8CBD-9DD708EA812C}.Debug|Any CPU.Build.0 = Debug|Any CPU
		{FA114B57-F9A5-47D4-8CBD-9DD708EA812C}.Release|Any CPU.ActiveCfg = Release|Any CPU
		{FA114B57-F9A5-47D4-8CBD-9DD708EA812C}.Release|Any CPU.Build.0 = Release|Any CPU
		{F04C4D72-BD8D-46D7-BB2A-77AA90E19CA0}.Debug|Any CPU.ActiveCfg = Debug|Any CPU
		{F04C4D72-BD8D-46D7-BB2A-77AA90E19CA0}.Debug|Any CPU.Build.0 = Debug|Any CPU
		{F04C4D72-BD8D-46D7-BB2A-77AA90E19CA0}.Release|Any CPU.ActiveCfg = Release|Any CPU
		{F04C4D72-BD8D-46D7-BB2A-77AA90E19CA0}.Release|Any CPU.Build.0 = Release|Any CPU
		{482EC17D-349A-49D6-8785-0F8137D6B367}.Debug|Any CPU.ActiveCfg = Debug|Any CPU
		{482EC17D-349A-49D6-8785-0F8137D6B367}.Debug|Any CPU.Build.0 = Debug|Any CPU
		{482EC17D-349A-49D6-8785-0F8137D6B367}.Release|Any CPU.ActiveCfg = Release|Any CPU
		{482EC17D-349A-49D6-8785-0F8137D6B367}.Release|Any CPU.Build.0 = Release|Any CPU
		{F2DBB11C-A3D5-4A29-B3DD-038577F59A96}.Debug|Any CPU.ActiveCfg = Debug|Any CPU
		{F2DBB11C-A3D5-4A29-B3DD-038577F59A96}.Debug|Any CPU.Build.0 = Debug|Any CPU
		{F2DBB11C-A3D5-4A29-B3DD-038577F59A96}.Release|Any CPU.ActiveCfg = Release|Any CPU
		{F2DBB11C-A3D5-4A29-B3DD-038577F59A96}.Release|Any CPU.Build.0 = Release|Any CPU
		{E3AD344F-C343-40AD-8E71-14E137401572}.Debug|Any CPU.ActiveCfg = Debug|Any CPU
		{E3AD344F-C343-40AD-8E71-14E137401572}.Debug|Any CPU.Build.0 = Debug|Any CPU
		{E3AD344F-C343-40AD-8E71-14E137401572}.Release|Any CPU.ActiveCfg = Release|Any CPU
		{E3AD344F-C343-40AD-8E71-14E137401572}.Release|Any CPU.Build.0 = Release|Any CPU
		{498C7A4D-C1D3-4349-A139-67AA413134A5}.Debug|Any CPU.ActiveCfg = Debug|Any CPU
		{498C7A4D-C1D3-4349-A139-67AA413134A5}.Debug|Any CPU.Build.0 = Debug|Any CPU
		{498C7A4D-C1D3-4349-A139-67AA413134A5}.Release|Any CPU.ActiveCfg = Release|Any CPU
		{498C7A4D-C1D3-4349-A139-67AA413134A5}.Release|Any CPU.Build.0 = Release|Any CPU
		{14670F31-923F-44B1-B2C0-43F2BCD174F9}.Debug|Any CPU.ActiveCfg = Debug|Any CPU
		{14670F31-923F-44B1-B2C0-43F2BCD174F9}.Debug|Any CPU.Build.0 = Debug|Any CPU
		{14670F31-923F-44B1-B2C0-43F2BCD174F9}.Release|Any CPU.ActiveCfg = Release|Any CPU
		{14670F31-923F-44B1-B2C0-43F2BCD174F9}.Release|Any CPU.Build.0 = Release|Any CPU
		{20010A71-7B32-4325-952F-F703C8536ED0}.Debug|Any CPU.ActiveCfg = Debug|Any CPU
		{20010A71-7B32-4325-952F-F703C8536ED0}.Debug|Any CPU.Build.0 = Debug|Any CPU
		{20010A71-7B32-4325-952F-F703C8536ED0}.Release|Any CPU.ActiveCfg = Release|Any CPU
		{20010A71-7B32-4325-952F-F703C8536ED0}.Release|Any CPU.Build.0 = Release|Any CPU
		{DA729D22-3BB6-4FDD-95DD-C32117D5CE7A}.Debug|Any CPU.ActiveCfg = Debug|Any CPU
		{DA729D22-3BB6-4FDD-95DD-C32117D5CE7A}.Debug|Any CPU.Build.0 = Debug|Any CPU
		{DA729D22-3BB6-4FDD-95DD-C32117D5CE7A}.Release|Any CPU.ActiveCfg = Release|Any CPU
		{DA729D22-3BB6-4FDD-95DD-C32117D5CE7A}.Release|Any CPU.Build.0 = Release|Any CPU
		{7E3BCB0D-FEBA-418A-B9DF-6B50B6A958BC}.Debug|Any CPU.ActiveCfg = Debug|Any CPU
		{7E3BCB0D-FEBA-418A-B9DF-6B50B6A958BC}.Debug|Any CPU.Build.0 = Debug|Any CPU
		{7E3BCB0D-FEBA-418A-B9DF-6B50B6A958BC}.Release|Any CPU.ActiveCfg = Release|Any CPU
		{7E3BCB0D-FEBA-418A-B9DF-6B50B6A958BC}.Release|Any CPU.Build.0 = Release|Any CPU
		{438FB3CC-4B20-4FC6-B340-2A1836BEDCE8}.Debug|Any CPU.ActiveCfg = Debug|Any CPU
		{438FB3CC-4B20-4FC6-B340-2A1836BEDCE8}.Debug|Any CPU.Build.0 = Debug|Any CPU
		{438FB3CC-4B20-4FC6-B340-2A1836BEDCE8}.Release|Any CPU.ActiveCfg = Release|Any CPU
		{438FB3CC-4B20-4FC6-B340-2A1836BEDCE8}.Release|Any CPU.Build.0 = Release|Any CPU
	EndGlobalSection
	GlobalSection(SolutionProperties) = preSolution
		HideSolutionNode = FALSE
	EndGlobalSection
	GlobalSection(ExtensibilityGlobals) = postSolution
		SolutionGuid = {1367CBE1-E6F2-4558-AE35-90A664391943}
	EndGlobalSection
EndGlobal
